{
    "version": 3,
    "terraform_version": "0.12.31",
    "serial": 1,
    "lineage": "c2a54f7e-bb58-9502-c16b-5589fcd498bd",
    "modules": [
        {
            "path": [
                "root"
            ],
            "outputs": {
                "aws_instance_tfer--i-015de986d44279a73_ondemand-1_id": {
                    "sensitive": false,
                    "type": "string",
                    "value": "i-015de986d44279a73"
                },
                "aws_instance_tfer--i-0583b3daeac72eeb4_ondemand-3_id": {
                    "sensitive": false,
                    "type": "string",
                    "value": "i-0583b3daeac72eeb4"
                },
                "aws_instance_tfer--i-0760bc734d8a79d1a_fluentd01_id": {
                    "sensitive": false,
                    "type": "string",
                    "value": "i-0760bc734d8a79d1a"
                },
                "aws_instance_tfer--i-0bbb32eebbbc741eb_ondemand-2_id": {
                    "sensitive": false,
                    "type": "string",
                    "value": "i-0bbb32eebbbc741eb"
                }
            },
            "resources": {
                "aws_instance.tfer--i-015de986d44279a73_ondemand-1": {
                    "type": "aws_instance",
                    "depends_on": [],
                    "primary": {
                        "id": "i-015de986d44279a73",
                        "attributes": {
                            "ami": "ami-0b11739bb8b0b80bd",
                            "arn": "arn:aws:ec2:ap-southeast-2:439895746240:instance/i-015de986d44279a73",
                            "associate_public_ip_address": "false",
                            "availability_zone": "ap-southeast-2a",
                            "capacity_reservation_specification.#": "1",
                            "capacity_reservation_specification.0.capacity_reservation_preference": "open",
                            "capacity_reservation_specification.0.capacity_reservation_target.#": "0",
                            "cpu_core_count": "1",
                            "cpu_options.#": "1",
                            "cpu_options.0.amd_sev_snp": "",
                            "cpu_options.0.core_count": "1",
                            "cpu_options.0.threads_per_core": "2",
                            "cpu_threads_per_core": "2",
                            "credit_specification.#": "1",
                            "credit_specification.0.cpu_credits": "unlimited",
                            "disable_api_stop": "false",
                            "disable_api_termination": "false",
                            "ebs_block_device.#": "1",
                            "ebs_block_device.0.delete_on_termination": "false",
                            "ebs_block_device.0.device_name": "/dev/xvdb",
                            "ebs_block_device.0.encrypted": "true",
                            "ebs_block_device.0.iops": "3000",
                            "ebs_block_device.0.kms_key_id": "arn:aws:kms:ap-southeast-2:439895746240:key/7442abf9-2590-4797-88b9-cd07b90866fe",
                            "ebs_block_device.0.snapshot_id": "",
                            "ebs_block_device.0.tags.%": "8",
                            "ebs_block_device.0.tags.CSIVolumeName": "pvc-93e87a9d-d12d-4381-918c-ea2c1352980b",
                            "ebs_block_device.0.tags.KubernetesCluster": "cgr-development-Xolrlr9P",
                            "ebs_block_device.0.tags.Name": "cgr-development-Xolrlr9P-dynamic-pvc-93e87a9d-d12d-4381-918c-ea2c1352980b",
                            "ebs_block_device.0.tags.ebs.csi.aws.com/cluster": "true",
                            "ebs_block_device.0.tags.kubernetes.io/cluster/cgr-development-Xolrlr9P": "owned",
                            "ebs_block_device.0.tags.kubernetes.io/created-for/pv/name": "pvc-93e87a9d-d12d-4381-918c-ea2c1352980b",
                            "ebs_block_device.0.tags.kubernetes.io/created-for/pvc/name": "data-vault-2",
                            "ebs_block_device.0.tags.kubernetes.io/created-for/pvc/namespace": "kube-system",
                            "ebs_block_device.0.throughput": "125",
                            "ebs_block_device.0.volume_id": "vol-04dc55867088a4d71",
                            "ebs_block_device.0.volume_size": "10",
                            "ebs_block_device.0.volume_type": "gp3",
                            "ebs_optimized": "false",
                            "enclave_options.#": "1",
                            "enclave_options.0.enabled": "false",
                            "ephemeral_block_device.#": "0",
                            "get_password_data": "false",
                            "hibernation": "false",
                            "host_id": "",
                            "iam_instance_profile": "eks-ecc4b369-0d03-168b-911b-0484f4a66e4e",
                            "id": "i-015de986d44279a73",
                            "instance_initiated_shutdown_behavior": "stop",
                            "instance_state": "running",
                            "instance_type": "t3.medium",
                            "ipv6_address_count": "0",
                            "ipv6_addresses.#": "0",
                            "key_name": "",
                            "launch_template.#": "1",
                            "launch_template.0.id": "lt-0e6288619329df4ca",
                            "launch_template.0.name": "eks-ecc4b369-0d03-168b-911b-0484f4a66e4e",
                            "launch_template.0.version": "1",
                            "maintenance_options.#": "1",
                            "maintenance_options.0.auto_recovery": "default",
                            "metadata_options.#": "1",
                            "metadata_options.0.http_endpoint": "enabled",
                            "metadata_options.0.http_put_response_hop_limit": "2",
                            "metadata_options.0.http_tokens": "required",
                            "metadata_options.0.instance_metadata_tags": "disabled",
                            "monitoring": "true",
                            "network_interface.#": "0",
                            "outpost_arn": "",
                            "password_data": "",
                            "placement_group": "",
                            "placement_partition_number": "0",
                            "primary_network_interface_id": "eni-03b74035642ac199b",
                            "private_dns": "ip-10-3-27-182.ap-southeast-2.compute.internal",
                            "private_dns_name_options.#": "1",
                            "private_dns_name_options.0.enable_resource_name_dns_a_record": "false",
                            "private_dns_name_options.0.enable_resource_name_dns_aaaa_record": "false",
                            "private_dns_name_options.0.hostname_type": "ip-name",
                            "private_ip": "10.3.27.182",
                            "public_dns": "",
                            "public_ip": "",
                            "root_block_device.#": "1",
                            "root_block_device.0.delete_on_termination": "true",
                            "root_block_device.0.device_name": "/dev/xvda",
                            "root_block_device.0.encrypted": "true",
                            "root_block_device.0.iops": "100",
                            "root_block_device.0.kms_key_id": "arn:aws:kms:ap-southeast-2:439895746240:key/7442abf9-2590-4797-88b9-cd07b90866fe",
                            "root_block_device.0.tags.%": "7",
                            "root_block_device.0.tags.Domain": "corpgovrisk.net",
                            "root_block_device.0.tags.Name": "ondemand-1",
                            "root_block_device.0.tags.Ou": "clients",
                            "root_block_device.0.tags.Provider": "aws",
                            "root_block_device.0.tags.Region": "ap-southeast-2",
                            "root_block_device.0.tags.eks:cluster-name": "cgr-development-Xolrlr9P",
                            "root_block_device.0.tags.eks:nodegroup-name": "ondemand-1-20230718022632172100000025",
                            "root_block_device.0.throughput": "0",
                            "root_block_device.0.volume_id": "vol-048debe23e44db347",
                            "root_block_device.0.volume_size": "20",
                            "root_block_device.0.volume_type": "gp2",
                            "secondary_private_ips.#": "5",
                            "secondary_private_ips.0": "10.3.14.121",
                            "secondary_private_ips.1": "10.3.15.70",
                            "secondary_private_ips.2": "10.3.17.211",
                            "secondary_private_ips.3": "10.3.20.6",
                            "secondary_private_ips.4": "10.3.3.122",
                            "security_groups.#": "0",
                            "source_dest_check": "true",
                            "subnet_id": "subnet-08df8c88567b6a82d",
                            "tags.%": "10",
                            "tags.Domain": "corpgovrisk.net",
                            "tags.Name": "ondemand-1",
                            "tags.Ou": "clients",
                            "tags.Provider": "aws",
                            "tags.Region": "ap-southeast-2",
                            "tags.eks:cluster-name": "cgr-development-Xolrlr9P",
                            "tags.eks:nodegroup-name": "ondemand-1-20230718022632172100000025",
                            "tags.k8s.io/cluster-autoscaler/cgr-development-Xolrlr9P": "owned",
                            "tags.k8s.io/cluster-autoscaler/enabled": "true",
                            "tags.kubernetes.io/cluster/cgr-development-Xolrlr9P": "owned",
                            "tags_all.%": "10",
                            "tags_all.Domain": "corpgovrisk.net",
                            "tags_all.Name": "ondemand-1",
                            "tags_all.Ou": "clients",
                            "tags_all.Provider": "aws",
                            "tags_all.Region": "ap-southeast-2",
                            "tags_all.eks:cluster-name": "cgr-development-Xolrlr9P",
                            "tags_all.eks:nodegroup-name": "ondemand-1-20230718022632172100000025",
                            "tags_all.k8s.io/cluster-autoscaler/cgr-development-Xolrlr9P": "owned",
                            "tags_all.k8s.io/cluster-autoscaler/enabled": "true",
                            "tags_all.kubernetes.io/cluster/cgr-development-Xolrlr9P": "owned",
                            "tenancy": "default",
                            "user_data_base64": "TUlNRS1WZXJzaW9uOiAxLjAKQ29udGVudC1UeXBlOiBtdWx0aXBhcnQvbWl4ZWQ7IGJvdW5kYXJ5PSIvLyIKCi0tLy8KQ29udGVudC1UeXBlOiB0ZXh0L3gtc2hlbGxzY3JpcHQ7IGNoYXJzZXQ9InVzLWFzY2lpIgojIS9iaW4vYmFzaApzZXQgLWV4CkI2NF9DTFVTVEVSX0NBPUxTMHRMUzFDUlVkSlRpQkRSVkpVU1VaSlEwRlVSUzB0TFMwdENrMUpTVU12YWtORFFXVmhaMEYzU1VKQlowbENRVVJCVGtKbmEzRm9hMmxIT1hjd1FrRlJjMFpCUkVGV1RWSk5kMFZSV1VSV1VWRkVSWGR3Y21SWFNtd0tZMjAxYkdSSFZucE5RalJZUkZSSmVrMUVZM2hQUkVGNVRXcFJlazlHYjFoRVZFMTZUVVJqZUU1VVFYbE5hbEY2VDBadmQwWlVSVlJOUWtWSFFURlZSUXBCZUUxTFlUTldhVnBZU25WYVdGSnNZM3BEUTBGVFNYZEVVVmxLUzI5YVNXaDJZMDVCVVVWQ1FsRkJSR2RuUlZCQlJFTkRRVkZ2UTJkblJVSkJTbEo0Q2xoRlJrazFOMlJQVVdoaGFtNDVabXBQUVRsWGRVeFVOVUUwVnpFd1JqZEdhMXBWVEVwdVIyTmxaa05ZWmpSYWFUTjJWR3hsWlRRdmMxUmxVbWhtYVVZS1ZHVm5kVEZxUjJoQlFraFZaVTFKU2twVlQzTkpjM1ZUT0dGSVlWTnJXalJPVkc1bFRWRlhVRkZuTDFGRE1YRmtWR0pNTWt0dFJHSnlkRGc1TVZSQ05RcHhORW8wU0VadFJYSkhiRVJPV1RoQ015OUxSVzlrUTJzNWRVdGFObXRMVFhOdmFVOTVlV0puTW5SR01rTklaekkyVWxad09HOTFZVWxXT0dkRFlYRTRDbmM1VFhkYVdIcGFMMjlzWkZKc1ltbGplV3Q1VDFWTU9WbERaa1JsYTBkM2JGVlZSRmgzWVZWRllrazJSVXg2U1RWblZVVTJZMVI2TDFVMFRHTjVOazhLV1hCQlJVSXpjRGhMV2tSSlUyWnVSa2haTVc0NU1uWnpRM1oyVW0xU1FsaFhVV2xZWXpJclEyTTBRa0V2YUdwYVVuWkZTbU14U1hwTWVIWndia3hRZUFwbFdtbDVkbkJrUmxKRldXMUpZMVJYYkdoclEwRjNSVUZCWVU1YVRVWmpkMFJuV1VSV1VqQlFRVkZJTDBKQlVVUkJaMHRyVFVFNFIwRXhWV1JGZDBWQ0NpOTNVVVpOUVUxQ1FXWTRkMGhSV1VSV1VqQlBRa0paUlVaQlIwOXFaMWhZWjJwVmVHaEZkRk4zTlRsemJsTjZNamRyZEZkTlFsVkhRVEZWWkVWUlVVOEtUVUY1UTBOdGRERlpiVlo1WW0xV01GcFlUWGRFVVZsS1MyOWFTV2gyWTA1QlVVVk1RbEZCUkdkblJVSkJSVTEzV0RReGRGWkhWbVo2TldoaGNYSklTUXB4TW0wclEyVklhMGxWUmtOWFZrWk1RVFpWZFdab05tcGFVVTR4VHpoWmVqUlNiSE00TVc1b1pFeG1MMlUxWWtWbk5FMU5WV0paVFZGeU1YSkRSelJGQ2xkWGFFZGhjMG92TlhwVFpsbGlOekpFWkV0RVRtUnJiek55VURkRlVtczFZbVZNVlZGMVpWTTBaVlpTWjJWUFNUQmFORWd5YlZvNGFUTnlXRGxLUWpFS05tMVRhMFZhV1Vkek1UQjFaWFY2Y1RSa1RXczJTM1JOZDJSNFFsaHBORFpRV2xNclNUVmpTRWROYWpkTE5TOXFiRWhhVFRodk4yVmlNRlZFVjFaTE13bzVWV2hCZWl0U09WbG9LMDlJZHk5VmNrczBRMnRyTW1rNVdVRnhla05WV0U5d2VIZFhlVlExS3pjeFFtZDRjRmxSUlc5bWVrOXdjbEo2VDJObVEyZHZDamRuU21KRlozQmpOVlpIYmpkQlJsRXdOMDh3ZVVSNVFreHRWVlZUYlV0cGEwdFdjbEZNZFZWVmJsSTFVRUpvVEZkeE1uUjJhMHR3ZVVJelYzbHhkM1VLYnpsRlBRb3RMUzB0TFVWT1JDQkRSVkpVU1VaSlEwRlVSUzB0TFMwdENnPT0KQVBJX1NFUlZFUl9VUkw9aHR0cHM6Ly9BMjhFQUFEQUYzOTJCRkM5NzRGOUQwRERBOUZCMjE4Mi5ncjcuYXAtc291dGhlYXN0LTIuZWtzLmFtYXpvbmF3cy5jb20KSzhTX0NMVVNURVJfRE5TX0lQPTE3Mi4yMC4wLjEwCi9ldGMvZWtzL2Jvb3RzdHJhcC5zaCBjZ3ItZGV2ZWxvcG1lbnQtWG9scmxyOVAgLS1rdWJlbGV0LWV4dHJhLWFyZ3MgJy0tbm9kZS1sYWJlbHM9ZWtzLmFtYXpvbmF3cy5jb20vc291cmNlTGF1bmNoVGVtcGxhdGVWZXJzaW9uPTEsZWtzLmFtYXpvbmF3cy5jb20vbm9kZWdyb3VwLWltYWdlPWFtaS0wYjExNzM5YmI4YjBiODBiZCxla3MuYW1hem9uYXdzLmNvbS9jYXBhY2l0eVR5cGU9T05fREVNQU5ELGVrcy5hbWF6b25hd3MuY29tL25vZGVncm91cD1vbmRlbWFuZC0xLTIwMjMwNzE4MDIyNjMyMTcyMTAwMDAwMDI1LGVrcy5hbWF6b25hd3MuY29tL3NvdXJjZUxhdW5jaFRlbXBsYXRlSWQ9bHQtMDlkZjc5NTNjMjk0NWJiNjYgLS1tYXgtcG9kcz0xNycgLS1iNjQtY2x1c3Rlci1jYSAkQjY0X0NMVVNURVJfQ0EgLS1hcGlzZXJ2ZXItZW5kcG9pbnQgJEFQSV9TRVJWRVJfVVJMIC0tZG5zLWNsdXN0ZXItaXAgJEs4U19DTFVTVEVSX0ROU19JUCAtLXVzZS1tYXgtcG9kcyBmYWxzZQoKLS0vLy0t",
                            "vpc_security_group_ids.#": "1",
                            "vpc_security_group_ids.0": "sg-0c353164fa2c6408d"
                        },
                        "meta": {
                            "schema_version": 1
                        },
                        "tainted": false
                    },
                    "deposed": [],
                    "provider": "provider.aws"
                },
                "aws_instance.tfer--i-0583b3daeac72eeb4_ondemand-3": {
                    "type": "aws_instance",
                    "depends_on": [],
                    "primary": {
                        "id": "i-0583b3daeac72eeb4",
                        "attributes": {
                            "ami": "ami-0b11739bb8b0b80bd",
                            "arn": "arn:aws:ec2:ap-southeast-2:439895746240:instance/i-0583b3daeac72eeb4",
                            "associate_public_ip_address": "false",
                            "availability_zone": "ap-southeast-2c",
                            "capacity_reservation_specification.#": "1",
                            "capacity_reservation_specification.0.capacity_reservation_preference": "open",
                            "capacity_reservation_specification.0.capacity_reservation_target.#": "0",
                            "cpu_core_count": "1",
                            "cpu_options.#": "1",
                            "cpu_options.0.amd_sev_snp": "",
                            "cpu_options.0.core_count": "1",
                            "cpu_options.0.threads_per_core": "2",
                            "cpu_threads_per_core": "2",
                            "credit_specification.#": "1",
                            "credit_specification.0.cpu_credits": "unlimited",
                            "disable_api_stop": "false",
                            "disable_api_termination": "false",
                            "ebs_block_device.#": "1",
                            "ebs_block_device.0.delete_on_termination": "false",
                            "ebs_block_device.0.device_name": "/dev/xvdb",
                            "ebs_block_device.0.encrypted": "true",
                            "ebs_block_device.0.iops": "3000",
                            "ebs_block_device.0.kms_key_id": "arn:aws:kms:ap-southeast-2:439895746240:key/7442abf9-2590-4797-88b9-cd07b90866fe",
                            "ebs_block_device.0.snapshot_id": "",
                            "ebs_block_device.0.tags.%": "8",
                            "ebs_block_device.0.tags.CSIVolumeName": "pvc-d5448150-ba43-4969-a874-2500133856fb",
                            "ebs_block_device.0.tags.KubernetesCluster": "cgr-development-Xolrlr9P",
                            "ebs_block_device.0.tags.Name": "cgr-development-Xolrlr9P-dynamic-pvc-d5448150-ba43-4969-a874-2500133856fb",
                            "ebs_block_device.0.tags.ebs.csi.aws.com/cluster": "true",
                            "ebs_block_device.0.tags.kubernetes.io/cluster/cgr-development-Xolrlr9P": "owned",
                            "ebs_block_device.0.tags.kubernetes.io/created-for/pv/name": "pvc-d5448150-ba43-4969-a874-2500133856fb",
                            "ebs_block_device.0.tags.kubernetes.io/created-for/pvc/name": "data-vault-1",
                            "ebs_block_device.0.tags.kubernetes.io/created-for/pvc/namespace": "kube-system",
                            "ebs_block_device.0.throughput": "125",
                            "ebs_block_device.0.volume_id": "vol-0edbc4b9194f3317c",
                            "ebs_block_device.0.volume_size": "10",
                            "ebs_block_device.0.volume_type": "gp3",
                            "ebs_optimized": "false",
                            "enclave_options.#": "1",
                            "enclave_options.0.enabled": "false",
                            "ephemeral_block_device.#": "0",
                            "get_password_data": "false",
                            "hibernation": "false",
                            "host_id": "",
                            "iam_instance_profile": "eks-7ac4b369-0cda-4d7c-c575-3504fd2559ca",
                            "id": "i-0583b3daeac72eeb4",
                            "instance_initiated_shutdown_behavior": "stop",
                            "instance_state": "running",
                            "instance_type": "t3.medium",
                            "ipv6_address_count": "0",
                            "ipv6_addresses.#": "0",
                            "key_name": "",
                            "launch_template.#": "1",
                            "launch_template.0.id": "lt-09b69ed1bee3b5212",
                            "launch_template.0.name": "eks-7ac4b369-0cda-4d7c-c575-3504fd2559ca",
                            "launch_template.0.version": "1",
                            "maintenance_options.#": "1",
                            "maintenance_options.0.auto_recovery": "default",
                            "metadata_options.#": "1",
                            "metadata_options.0.http_endpoint": "enabled",
                            "metadata_options.0.http_put_response_hop_limit": "2",
                            "metadata_options.0.http_tokens": "required",
                            "metadata_options.0.instance_metadata_tags": "disabled",
                            "monitoring": "true",
                            "network_interface.#": "0",
                            "outpost_arn": "",
                            "password_data": "",
                            "placement_group": "",
                            "placement_partition_number": "0",
                            "primary_network_interface_id": "eni-039fc7bb3c4d38e97",
                            "private_dns": "ip-10-3-155-56.ap-southeast-2.compute.internal",
                            "private_dns_name_options.#": "1",
                            "private_dns_name_options.0.enable_resource_name_dns_a_record": "false",
                            "private_dns_name_options.0.enable_resource_name_dns_aaaa_record": "false",
                            "private_dns_name_options.0.hostname_type": "ip-name",
                            "private_ip": "10.3.155.56",
                            "public_dns": "",
                            "public_ip": "",
                            "root_block_device.#": "1",
                            "root_block_device.0.delete_on_termination": "true",
                            "root_block_device.0.device_name": "/dev/xvda",
                            "root_block_device.0.encrypted": "true",
                            "root_block_device.0.iops": "100",
                            "root_block_device.0.kms_key_id": "arn:aws:kms:ap-southeast-2:439895746240:key/7442abf9-2590-4797-88b9-cd07b90866fe",
                            "root_block_device.0.tags.%": "7",
                            "root_block_device.0.tags.Domain": "corpgovrisk.net",
                            "root_block_device.0.tags.Name": "ondemand-3",
                            "root_block_device.0.tags.Ou": "clients",
                            "root_block_device.0.tags.Provider": "aws",
                            "root_block_device.0.tags.Region": "ap-southeast-2",
                            "root_block_device.0.tags.eks:cluster-name": "cgr-development-Xolrlr9P",
                            "root_block_device.0.tags.eks:nodegroup-name": "ondemand-3-20230718022632172100000028",
                            "root_block_device.0.throughput": "0",
                            "root_block_device.0.volume_id": "vol-0d85ae1e47cc325c9",
                            "root_block_device.0.volume_size": "20",
                            "root_block_device.0.volume_type": "gp2",
                            "secondary_private_ips.#": "5",
                            "secondary_private_ips.0": "10.3.131.10",
                            "secondary_private_ips.1": "10.3.132.198",
                            "secondary_private_ips.2": "10.3.139.121",
                            "secondary_private_ips.3": "10.3.143.131",
                            "secondary_private_ips.4": "10.3.148.80",
                            "security_groups.#": "0",
                            "source_dest_check": "true",
                            "subnet_id": "subnet-01f424ee37d6d6551",
                            "tags.%": "10",
                            "tags.Domain": "corpgovrisk.net",
                            "tags.Name": "ondemand-3",
                            "tags.Ou": "clients",
                            "tags.Provider": "aws",
                            "tags.Region": "ap-southeast-2",
                            "tags.eks:cluster-name": "cgr-development-Xolrlr9P",
                            "tags.eks:nodegroup-name": "ondemand-3-20230718022632172100000028",
                            "tags.k8s.io/cluster-autoscaler/cgr-development-Xolrlr9P": "owned",
                            "tags.k8s.io/cluster-autoscaler/enabled": "true",
                            "tags.kubernetes.io/cluster/cgr-development-Xolrlr9P": "owned",
                            "tags_all.%": "10",
                            "tags_all.Domain": "corpgovrisk.net",
                            "tags_all.Name": "ondemand-3",
                            "tags_all.Ou": "clients",
                            "tags_all.Provider": "aws",
                            "tags_all.Region": "ap-southeast-2",
                            "tags_all.eks:cluster-name": "cgr-development-Xolrlr9P",
                            "tags_all.eks:nodegroup-name": "ondemand-3-20230718022632172100000028",
                            "tags_all.k8s.io/cluster-autoscaler/cgr-development-Xolrlr9P": "owned",
                            "tags_all.k8s.io/cluster-autoscaler/enabled": "true",
                            "tags_all.kubernetes.io/cluster/cgr-development-Xolrlr9P": "owned",
                            "tenancy": "default",
                            "user_data_base64": "TUlNRS1WZXJzaW9uOiAxLjAKQ29udGVudC1UeXBlOiBtdWx0aXBhcnQvbWl4ZWQ7IGJvdW5kYXJ5PSIvLyIKCi0tLy8KQ29udGVudC1UeXBlOiB0ZXh0L3gtc2hlbGxzY3JpcHQ7IGNoYXJzZXQ9InVzLWFzY2lpIgojIS9iaW4vYmFzaApzZXQgLWV4CkI2NF9DTFVTVEVSX0NBPUxTMHRMUzFDUlVkSlRpQkRSVkpVU1VaSlEwRlVSUzB0TFMwdENrMUpTVU12YWtORFFXVmhaMEYzU1VKQlowbENRVVJCVGtKbmEzRm9hMmxIT1hjd1FrRlJjMFpCUkVGV1RWSk5kMFZSV1VSV1VWRkVSWGR3Y21SWFNtd0tZMjAxYkdSSFZucE5RalJZUkZSSmVrMUVZM2hQUkVGNVRXcFJlazlHYjFoRVZFMTZUVVJqZUU1VVFYbE5hbEY2VDBadmQwWlVSVlJOUWtWSFFURlZSUXBCZUUxTFlUTldhVnBZU25WYVdGSnNZM3BEUTBGVFNYZEVVVmxLUzI5YVNXaDJZMDVCVVVWQ1FsRkJSR2RuUlZCQlJFTkRRVkZ2UTJkblJVSkJTbEo0Q2xoRlJrazFOMlJQVVdoaGFtNDVabXBQUVRsWGRVeFVOVUUwVnpFd1JqZEdhMXBWVEVwdVIyTmxaa05ZWmpSYWFUTjJWR3hsWlRRdmMxUmxVbWhtYVVZS1ZHVm5kVEZxUjJoQlFraFZaVTFKU2twVlQzTkpjM1ZUT0dGSVlWTnJXalJPVkc1bFRWRlhVRkZuTDFGRE1YRmtWR0pNTWt0dFJHSnlkRGc1TVZSQ05RcHhORW8wU0VadFJYSkhiRVJPV1RoQ015OUxSVzlrUTJzNWRVdGFObXRMVFhOdmFVOTVlV0puTW5SR01rTklaekkyVWxad09HOTFZVWxXT0dkRFlYRTRDbmM1VFhkYVdIcGFMMjlzWkZKc1ltbGplV3Q1VDFWTU9WbERaa1JsYTBkM2JGVlZSRmgzWVZWRllrazJSVXg2U1RWblZVVTJZMVI2TDFVMFRHTjVOazhLV1hCQlJVSXpjRGhMV2tSSlUyWnVSa2haTVc0NU1uWnpRM1oyVW0xU1FsaFhVV2xZWXpJclEyTTBRa0V2YUdwYVVuWkZTbU14U1hwTWVIWndia3hRZUFwbFdtbDVkbkJrUmxKRldXMUpZMVJYYkdoclEwRjNSVUZCWVU1YVRVWmpkMFJuV1VSV1VqQlFRVkZJTDBKQlVVUkJaMHRyVFVFNFIwRXhWV1JGZDBWQ0NpOTNVVVpOUVUxQ1FXWTRkMGhSV1VSV1VqQlBRa0paUlVaQlIwOXFaMWhZWjJwVmVHaEZkRk4zTlRsemJsTjZNamRyZEZkTlFsVkhRVEZWWkVWUlVVOEtUVUY1UTBOdGRERlpiVlo1WW0xV01GcFlUWGRFVVZsS1MyOWFTV2gyWTA1QlVVVk1RbEZCUkdkblJVSkJSVTEzV0RReGRGWkhWbVo2TldoaGNYSklTUXB4TW0wclEyVklhMGxWUmtOWFZrWk1RVFpWZFdab05tcGFVVTR4VHpoWmVqUlNiSE00TVc1b1pFeG1MMlUxWWtWbk5FMU5WV0paVFZGeU1YSkRSelJGQ2xkWGFFZGhjMG92TlhwVFpsbGlOekpFWkV0RVRtUnJiek55VURkRlVtczFZbVZNVlZGMVpWTTBaVlpTWjJWUFNUQmFORWd5YlZvNGFUTnlXRGxLUWpFS05tMVRhMFZhV1Vkek1UQjFaWFY2Y1RSa1RXczJTM1JOZDJSNFFsaHBORFpRV2xNclNUVmpTRWROYWpkTE5TOXFiRWhhVFRodk4yVmlNRlZFVjFaTE13bzVWV2hCZWl0U09WbG9LMDlJZHk5VmNrczBRMnRyTW1rNVdVRnhla05WV0U5d2VIZFhlVlExS3pjeFFtZDRjRmxSUlc5bWVrOXdjbEo2VDJObVEyZHZDamRuU21KRlozQmpOVlpIYmpkQlJsRXdOMDh3ZVVSNVFreHRWVlZUYlV0cGEwdFdjbEZNZFZWVmJsSTFVRUpvVEZkeE1uUjJhMHR3ZVVJelYzbHhkM1VLYnpsRlBRb3RMUzB0TFVWT1JDQkRSVkpVU1VaSlEwRlVSUzB0TFMwdENnPT0KQVBJX1NFUlZFUl9VUkw9aHR0cHM6Ly9BMjhFQUFEQUYzOTJCRkM5NzRGOUQwRERBOUZCMjE4Mi5ncjcuYXAtc291dGhlYXN0LTIuZWtzLmFtYXpvbmF3cy5jb20KSzhTX0NMVVNURVJfRE5TX0lQPTE3Mi4yMC4wLjEwCi9ldGMvZWtzL2Jvb3RzdHJhcC5zaCBjZ3ItZGV2ZWxvcG1lbnQtWG9scmxyOVAgLS1rdWJlbGV0LWV4dHJhLWFyZ3MgJy0tbm9kZS1sYWJlbHM9ZWtzLmFtYXpvbmF3cy5jb20vc291cmNlTGF1bmNoVGVtcGxhdGVWZXJzaW9uPTEsZWtzLmFtYXpvbmF3cy5jb20vbm9kZWdyb3VwLWltYWdlPWFtaS0wYjExNzM5YmI4YjBiODBiZCxla3MuYW1hem9uYXdzLmNvbS9jYXBhY2l0eVR5cGU9T05fREVNQU5ELGVrcy5hbWF6b25hd3MuY29tL25vZGVncm91cD1vbmRlbWFuZC0zLTIwMjMwNzE4MDIyNjMyMTcyMTAwMDAwMDI4LGVrcy5hbWF6b25hd3MuY29tL3NvdXJjZUxhdW5jaFRlbXBsYXRlSWQ9bHQtMGNhZWZiZDU0MDhiNGM1ZDAgLS1tYXgtcG9kcz0xNycgLS1iNjQtY2x1c3Rlci1jYSAkQjY0X0NMVVNURVJfQ0EgLS1hcGlzZXJ2ZXItZW5kcG9pbnQgJEFQSV9TRVJWRVJfVVJMIC0tZG5zLWNsdXN0ZXItaXAgJEs4U19DTFVTVEVSX0ROU19JUCAtLXVzZS1tYXgtcG9kcyBmYWxzZQoKLS0vLy0t",
                            "vpc_security_group_ids.#": "1",
                            "vpc_security_group_ids.0": "sg-0c353164fa2c6408d"
                        },
                        "meta": {
                            "schema_version": 1
                        },
                        "tainted": false
                    },
                    "deposed": [],
                    "provider": "provider.aws"
                },
                "aws_instance.tfer--i-0760bc734d8a79d1a_fluentd01": {
                    "type": "aws_instance",
                    "depends_on": [],
                    "primary": {
                        "id": "i-0760bc734d8a79d1a",
                        "attributes": {
                            "ami": "ami-0f158b0f26f18e619",
                            "arn": "arn:aws:ec2:ap-southeast-2:439895746240:instance/i-0760bc734d8a79d1a",
                            "associate_public_ip_address": "false",
                            "availability_zone": "ap-southeast-2a",
                            "capacity_reservation_specification.#": "1",
                            "capacity_reservation_specification.0.capacity_reservation_preference": "open",
                            "capacity_reservation_specification.0.capacity_reservation_target.#": "0",
                            "cpu_core_count": "1",
                            "cpu_options.#": "1",
                            "cpu_options.0.amd_sev_snp": "",
                            "cpu_options.0.core_count": "1",
                            "cpu_options.0.threads_per_core": "2",
                            "cpu_threads_per_core": "2",
                            "credit_specification.#": "1",
                            "credit_specification.0.cpu_credits": "unlimited",
                            "disable_api_stop": "false",
                            "disable_api_termination": "false",
                            "ebs_block_device.#": "1",
                            "ebs_block_device.0.delete_on_termination": "false",
                            "ebs_block_device.0.device_name": "/dev/sdh",
                            "ebs_block_device.0.encrypted": "true",
                            "ebs_block_device.0.iops": "3000",
                            "ebs_block_device.0.kms_key_id": "arn:aws:kms:ap-southeast-2:439895746240:key/7442abf9-2590-4797-88b9-cd07b90866fe",
                            "ebs_block_device.0.snapshot_id": "",
                            "ebs_block_device.0.tags.%": "7",
                            "ebs_block_device.0.tags.Domain": "corpgovrisk.net",
                            "ebs_block_device.0.tags.Name": "fluentd01:/mnt/storage",
                            "ebs_block_device.0.tags.Ou": "clients",
                            "ebs_block_device.0.tags.Provider": "aws",
                            "ebs_block_device.0.tags.Region": "ap-southeast-2",
                            "ebs_block_device.0.tags.cgr:environment": "development",
                            "ebs_block_device.0.tags.cgr:terraform": "true",
                            "ebs_block_device.0.throughput": "125",
                            "ebs_block_device.0.volume_id": "vol-0a9a5585fb4340adb",
                            "ebs_block_device.0.volume_size": "40",
                            "ebs_block_device.0.volume_type": "gp3",
                            "ebs_optimized": "true",
                            "enclave_options.#": "1",
                            "enclave_options.0.enabled": "false",
                            "ephemeral_block_device.#": "0",
                            "get_password_data": "false",
                            "hibernation": "false",
                            "host_id": "",
                            "iam_instance_profile": "ap-southeast-2_clients_fluentd",
                            "id": "i-0760bc734d8a79d1a",
                            "instance_initiated_shutdown_behavior": "stop",
                            "instance_state": "running",
                            "instance_type": "t3.nano",
                            "ipv6_address_count": "0",
                            "ipv6_addresses.#": "0",
                            "key_name": "clients",
                            "launch_template.#": "0",
                            "maintenance_options.#": "1",
                            "maintenance_options.0.auto_recovery": "default",
                            "metadata_options.#": "1",
                            "metadata_options.0.http_endpoint": "enabled",
                            "metadata_options.0.http_put_response_hop_limit": "1",
                            "metadata_options.0.http_tokens": "optional",
                            "metadata_options.0.instance_metadata_tags": "disabled",
                            "monitoring": "false",
                            "network_interface.#": "0",
                            "outpost_arn": "",
                            "password_data": "",
                            "placement_group": "",
                            "placement_partition_number": "0",
                            "primary_network_interface_id": "eni-01f9a7caf9e0d6f25",
                            "private_dns": "ip-10-3-2-35.ap-southeast-2.compute.internal",
                            "private_dns_name_options.#": "1",
                            "private_dns_name_options.0.enable_resource_name_dns_a_record": "false",
                            "private_dns_name_options.0.enable_resource_name_dns_aaaa_record": "false",
                            "private_dns_name_options.0.hostname_type": "ip-name",
                            "private_ip": "10.3.2.35",
                            "public_dns": "",
                            "public_ip": "",
                            "root_block_device.#": "1",
                            "root_block_device.0.delete_on_termination": "true",
                            "root_block_device.0.device_name": "/dev/sda1",
                            "root_block_device.0.encrypted": "true",
                            "root_block_device.0.iops": "3000",
                            "root_block_device.0.kms_key_id": "arn:aws:kms:ap-southeast-2:439895746240:key/7442abf9-2590-4797-88b9-cd07b90866fe",
                            "root_block_device.0.tags.%": "1",
                            "root_block_device.0.tags.Name": "fluentd01:/",
                            "root_block_device.0.throughput": "125",
                            "root_block_device.0.volume_id": "vol-0817fe6d6bc491ab8",
                            "root_block_device.0.volume_size": "40",
                            "root_block_device.0.volume_type": "gp3",
                            "secondary_private_ips.#": "0",
                            "security_groups.#": "0",
                            "source_dest_check": "true",
                            "subnet_id": "subnet-08df8c88567b6a82d",
                            "tags.%": "13",
                            "tags.Domain": "corpgovrisk.net",
                            "tags.Name": "fluentd01",
                            "tags.Ou": "clients",
                            "tags.Provider": "aws",
                            "tags.Region": "ap-southeast-2",
                            "tags.ansible": "true",
                            "tags.availability_zone": "ap-southeast-2a",
                            "tags.cgr:environment": "development",
                            "tags.cgr:terraform": "true",
                            "tags.hostname": "fluentd01.ap-southeast-2.development",
                            "tags.internal_fqdn": "fluentd01.int.ap-southeast-2.aws.clients.development.corpgovrisk.net",
                            "tags.purpose": "logging",
                            "tags.software": "fluentd",
                            "tags_all.%": "13",
                            "tags_all.Domain": "corpgovrisk.net",
                            "tags_all.Name": "fluentd01",
                            "tags_all.Ou": "clients",
                            "tags_all.Provider": "aws",
                            "tags_all.Region": "ap-southeast-2",
                            "tags_all.ansible": "true",
                            "tags_all.availability_zone": "ap-southeast-2a",
                            "tags_all.cgr:environment": "development",
                            "tags_all.cgr:terraform": "true",
                            "tags_all.hostname": "fluentd01.ap-southeast-2.development",
                            "tags_all.internal_fqdn": "fluentd01.int.ap-southeast-2.aws.clients.development.corpgovrisk.net",
                            "tags_all.purpose": "logging",
                            "tags_all.software": "fluentd",
                            "tenancy": "default",
                            "user_data_base64": "IyEvYmluL2Jhc2ggLXYKc2V0IC14CgojIGNyZWF0ZSBzd2FwCmZhbGxvY2F0ZSAtbCA0RyAvc3dhcGZpbGUKY2htb2QgNjAwIC9zd2FwZmlsZQpta3N3YXAgL3N3YXBmaWxlCnN3YXBvbiAvc3dhcGZpbGUKZWNobyAiL3N3YXBmaWxlIG5vbmUgc3dhcCBzdyAwIDAiID4+IC9ldGMvZnN0YWIKCndoaWxlIFsgISAtZSAvZGV2L252bWUxbjEgXTsKZG8KICBlY2hvICJXYWl0aW5nIDEwcyB0byBhbGxvdyBmb3IgZXh0ZXJuYWwgZGlzayB0byBhdHRhY2guIgogIHNsZWVwIDEwCmRvbmUKCiMgbW91bnQgZXh0ZXJuYWwgc3RvcmFnZQpta2ZzIC10IGV4dDQgL2Rldi9udm1lMW4xClVVSUQ9IiQoZmlsZSAtcyAvZGV2L252bWUxbjEgfCBjdXQgLWY4IC1kJyAnKSIKbWtkaXIgL21udC9zdG9yYWdlCmNwIC9ldGMvZnN0YWIgL2V0Yy9mc3RhYi5iYWNrdXAKZWNobyAiJHtVVUlEfSAvbW50L3N0b3JhZ2UgZXh0NCBkZWZhdWx0cyxub2ZhaWwgMCAyIiA+PiAvZXRjL2ZzdGFiCm1vdW50IC1hdgoKIyBzeW1saW5rIC9zcnYgd2l0aCAvbW50L3N0b3JhZ2UKIyBta2RpciAvbW50L3N0b3JhZ2Uvc3J2CiMgcm1kaXIgL3NydgojIHB1c2hkIC8KIyBsbiAtcyAvbW50L3N0b3JhZ2Uvc3J2CiMgcG9wZAoKIyB1cGRhdGVzIGFuZCBweXRob24KYXB0LWdldCB1cGRhdGUgXAogICYmIERFQklBTl9GUk9OVEVORD1ub25pbnRlcmFjdGl2ZSBhcHQtZ2V0IC15IC1vIERwa2c6Ok9wdGlvbnM6Oj0iLS1mb3JjZS1jb25mZGVmIiAtbyBEcGtnOjpPcHRpb25zOjo9Ii0tZm9yY2UtY29uZm9sZCIgZGlzdC11cGdyYWRlIFwKICAmJiByZWJvb3Qgbm93CiAgIyAmJiBhcHQtZ2V0IGluc3RhbGwgLXkgcHl0aG9uLW1pbmltYWwgcHl0aG9uLWFwdCBcCg==",
                            "vpc_security_group_ids.#": "3",
                            "vpc_security_group_ids.0": "sg-0148d66ecca43ea21",
                            "vpc_security_group_ids.1": "sg-044e76fde064de29f",
                            "vpc_security_group_ids.2": "sg-0e8bf69ca40ab88be"
                        },
                        "meta": {
                            "schema_version": 1
                        },
                        "tainted": false
                    },
                    "deposed": [],
                    "provider": "provider.aws"
                },
                "aws_instance.tfer--i-0bbb32eebbbc741eb_ondemand-2": {
                    "type": "aws_instance",
                    "depends_on": [],
                    "primary": {
                        "id": "i-0bbb32eebbbc741eb",
                        "attributes": {
                            "ami": "ami-0b11739bb8b0b80bd",
                            "arn": "arn:aws:ec2:ap-southeast-2:439895746240:instance/i-0bbb32eebbbc741eb",
                            "associate_public_ip_address": "false",
                            "availability_zone": "ap-southeast-2b",
                            "capacity_reservation_specification.#": "1",
                            "capacity_reservation_specification.0.capacity_reservation_preference": "open",
                            "capacity_reservation_specification.0.capacity_reservation_target.#": "0",
                            "cpu_core_count": "1",
                            "cpu_options.#": "1",
                            "cpu_options.0.amd_sev_snp": "",
                            "cpu_options.0.core_count": "1",
                            "cpu_options.0.threads_per_core": "2",
                            "cpu_threads_per_core": "2",
                            "credit_specification.#": "1",
                            "credit_specification.0.cpu_credits": "unlimited",
                            "disable_api_stop": "false",
                            "disable_api_termination": "false",
                            "ebs_block_device.#": "1",
                            "ebs_block_device.0.delete_on_termination": "false",
                            "ebs_block_device.0.device_name": "/dev/xvdb",
                            "ebs_block_device.0.encrypted": "true",
                            "ebs_block_device.0.iops": "3000",
                            "ebs_block_device.0.kms_key_id": "arn:aws:kms:ap-southeast-2:439895746240:key/7442abf9-2590-4797-88b9-cd07b90866fe",
                            "ebs_block_device.0.snapshot_id": "",
                            "ebs_block_device.0.tags.%": "8",
                            "ebs_block_device.0.tags.CSIVolumeName": "pvc-3d58afda-4d36-4728-9db9-00bc14404cdd",
                            "ebs_block_device.0.tags.KubernetesCluster": "cgr-development-Xolrlr9P",
                            "ebs_block_device.0.tags.Name": "cgr-development-Xolrlr9P-dynamic-pvc-3d58afda-4d36-4728-9db9-00bc14404cdd",
                            "ebs_block_device.0.tags.ebs.csi.aws.com/cluster": "true",
                            "ebs_block_device.0.tags.kubernetes.io/cluster/cgr-development-Xolrlr9P": "owned",
                            "ebs_block_device.0.tags.kubernetes.io/created-for/pv/name": "pvc-3d58afda-4d36-4728-9db9-00bc14404cdd",
                            "ebs_block_device.0.tags.kubernetes.io/created-for/pvc/name": "data-vault-0",
                            "ebs_block_device.0.tags.kubernetes.io/created-for/pvc/namespace": "kube-system",
                            "ebs_block_device.0.throughput": "125",
                            "ebs_block_device.0.volume_id": "vol-0acb737d3041cae92",
                            "ebs_block_device.0.volume_size": "10",
                            "ebs_block_device.0.volume_type": "gp3",
                            "ebs_optimized": "false",
                            "enclave_options.#": "1",
                            "enclave_options.0.enabled": "false",
                            "ephemeral_block_device.#": "0",
                            "get_password_data": "false",
                            "hibernation": "false",
                            "host_id": "",
                            "iam_instance_profile": "eks-3cc4b369-0cdb-7788-ed1e-6f4a4d54d987",
                            "id": "i-0bbb32eebbbc741eb",
                            "instance_initiated_shutdown_behavior": "stop",
                            "instance_state": "running",
                            "instance_type": "t3.medium",
                            "ipv6_address_count": "0",
                            "ipv6_addresses.#": "0",
                            "key_name": "",
                            "launch_template.#": "1",
                            "launch_template.0.id": "lt-0afdc84de94e3e26b",
                            "launch_template.0.name": "eks-3cc4b369-0cdb-7788-ed1e-6f4a4d54d987",
                            "launch_template.0.version": "1",
                            "maintenance_options.#": "1",
                            "maintenance_options.0.auto_recovery": "default",
                            "metadata_options.#": "1",
                            "metadata_options.0.http_endpoint": "enabled",
                            "metadata_options.0.http_put_response_hop_limit": "2",
                            "metadata_options.0.http_tokens": "required",
                            "metadata_options.0.instance_metadata_tags": "disabled",
                            "monitoring": "true",
                            "network_interface.#": "0",
                            "outpost_arn": "",
                            "password_data": "",
                            "placement_group": "",
                            "placement_partition_number": "0",
                            "primary_network_interface_id": "eni-0e79e769e41feae2c",
                            "private_dns": "ip-10-3-66-5.ap-southeast-2.compute.internal",
                            "private_dns_name_options.#": "1",
                            "private_dns_name_options.0.enable_resource_name_dns_a_record": "false",
                            "private_dns_name_options.0.enable_resource_name_dns_aaaa_record": "false",
                            "private_dns_name_options.0.hostname_type": "ip-name",
                            "private_ip": "10.3.66.5",
                            "public_dns": "",
                            "public_ip": "",
                            "root_block_device.#": "1",
                            "root_block_device.0.delete_on_termination": "true",
                            "root_block_device.0.device_name": "/dev/xvda",
                            "root_block_device.0.encrypted": "true",
                            "root_block_device.0.iops": "100",
                            "root_block_device.0.kms_key_id": "arn:aws:kms:ap-southeast-2:439895746240:key/7442abf9-2590-4797-88b9-cd07b90866fe",
                            "root_block_device.0.tags.%": "7",
                            "root_block_device.0.tags.Domain": "corpgovrisk.net",
                            "root_block_device.0.tags.Name": "ondemand-2",
                            "root_block_device.0.tags.Ou": "clients",
                            "root_block_device.0.tags.Provider": "aws",
                            "root_block_device.0.tags.Region": "ap-southeast-2",
                            "root_block_device.0.tags.eks:cluster-name": "cgr-development-Xolrlr9P",
                            "root_block_device.0.tags.eks:nodegroup-name": "ondemand-2-20230718022632172100000027",
                            "root_block_device.0.throughput": "0",
                            "root_block_device.0.volume_id": "vol-0a18d8350f7dfc943",
                            "root_block_device.0.volume_size": "20",
                            "root_block_device.0.volume_type": "gp2",
                            "secondary_private_ips.#": "5",
                            "secondary_private_ips.0": "10.3.64.39",
                            "secondary_private_ips.1": "10.3.74.87",
                            "secondary_private_ips.2": "10.3.75.27",
                            "secondary_private_ips.3": "10.3.79.90",
                            "secondary_private_ips.4": "10.3.88.203",
                            "security_groups.#": "0",
                            "source_dest_check": "true",
                            "subnet_id": "subnet-096440fbcb32cc3f4",
                            "tags.%": "10",
                            "tags.Domain": "corpgovrisk.net",
                            "tags.Name": "ondemand-2",
                            "tags.Ou": "clients",
                            "tags.Provider": "aws",
                            "tags.Region": "ap-southeast-2",
                            "tags.eks:cluster-name": "cgr-development-Xolrlr9P",
                            "tags.eks:nodegroup-name": "ondemand-2-20230718022632172100000027",
                            "tags.k8s.io/cluster-autoscaler/cgr-development-Xolrlr9P": "owned",
                            "tags.k8s.io/cluster-autoscaler/enabled": "true",
                            "tags.kubernetes.io/cluster/cgr-development-Xolrlr9P": "owned",
                            "tags_all.%": "10",
                            "tags_all.Domain": "corpgovrisk.net",
                            "tags_all.Name": "ondemand-2",
                            "tags_all.Ou": "clients",
                            "tags_all.Provider": "aws",
                            "tags_all.Region": "ap-southeast-2",
                            "tags_all.eks:cluster-name": "cgr-development-Xolrlr9P",
                            "tags_all.eks:nodegroup-name": "ondemand-2-20230718022632172100000027",
                            "tags_all.k8s.io/cluster-autoscaler/cgr-development-Xolrlr9P": "owned",
                            "tags_all.k8s.io/cluster-autoscaler/enabled": "true",
                            "tags_all.kubernetes.io/cluster/cgr-development-Xolrlr9P": "owned",
                            "tenancy": "default",
                            "user_data_base64": "TUlNRS1WZXJzaW9uOiAxLjAKQ29udGVudC1UeXBlOiBtdWx0aXBhcnQvbWl4ZWQ7IGJvdW5kYXJ5PSIvLyIKCi0tLy8KQ29udGVudC1UeXBlOiB0ZXh0L3gtc2hlbGxzY3JpcHQ7IGNoYXJzZXQ9InVzLWFzY2lpIgojIS9iaW4vYmFzaApzZXQgLWV4CkI2NF9DTFVTVEVSX0NBPUxTMHRMUzFDUlVkSlRpQkRSVkpVU1VaSlEwRlVSUzB0TFMwdENrMUpTVU12YWtORFFXVmhaMEYzU1VKQlowbENRVVJCVGtKbmEzRm9hMmxIT1hjd1FrRlJjMFpCUkVGV1RWSk5kMFZSV1VSV1VWRkVSWGR3Y21SWFNtd0tZMjAxYkdSSFZucE5RalJZUkZSSmVrMUVZM2hQUkVGNVRXcFJlazlHYjFoRVZFMTZUVVJqZUU1VVFYbE5hbEY2VDBadmQwWlVSVlJOUWtWSFFURlZSUXBCZUUxTFlUTldhVnBZU25WYVdGSnNZM3BEUTBGVFNYZEVVVmxLUzI5YVNXaDJZMDVCVVVWQ1FsRkJSR2RuUlZCQlJFTkRRVkZ2UTJkblJVSkJTbEo0Q2xoRlJrazFOMlJQVVdoaGFtNDVabXBQUVRsWGRVeFVOVUUwVnpFd1JqZEdhMXBWVEVwdVIyTmxaa05ZWmpSYWFUTjJWR3hsWlRRdmMxUmxVbWhtYVVZS1ZHVm5kVEZxUjJoQlFraFZaVTFKU2twVlQzTkpjM1ZUT0dGSVlWTnJXalJPVkc1bFRWRlhVRkZuTDFGRE1YRmtWR0pNTWt0dFJHSnlkRGc1TVZSQ05RcHhORW8wU0VadFJYSkhiRVJPV1RoQ015OUxSVzlrUTJzNWRVdGFObXRMVFhOdmFVOTVlV0puTW5SR01rTklaekkyVWxad09HOTFZVWxXT0dkRFlYRTRDbmM1VFhkYVdIcGFMMjlzWkZKc1ltbGplV3Q1VDFWTU9WbERaa1JsYTBkM2JGVlZSRmgzWVZWRllrazJSVXg2U1RWblZVVTJZMVI2TDFVMFRHTjVOazhLV1hCQlJVSXpjRGhMV2tSSlUyWnVSa2haTVc0NU1uWnpRM1oyVW0xU1FsaFhVV2xZWXpJclEyTTBRa0V2YUdwYVVuWkZTbU14U1hwTWVIWndia3hRZUFwbFdtbDVkbkJrUmxKRldXMUpZMVJYYkdoclEwRjNSVUZCWVU1YVRVWmpkMFJuV1VSV1VqQlFRVkZJTDBKQlVVUkJaMHRyVFVFNFIwRXhWV1JGZDBWQ0NpOTNVVVpOUVUxQ1FXWTRkMGhSV1VSV1VqQlBRa0paUlVaQlIwOXFaMWhZWjJwVmVHaEZkRk4zTlRsemJsTjZNamRyZEZkTlFsVkhRVEZWWkVWUlVVOEtUVUY1UTBOdGRERlpiVlo1WW0xV01GcFlUWGRFVVZsS1MyOWFTV2gyWTA1QlVVVk1RbEZCUkdkblJVSkJSVTEzV0RReGRGWkhWbVo2TldoaGNYSklTUXB4TW0wclEyVklhMGxWUmtOWFZrWk1RVFpWZFdab05tcGFVVTR4VHpoWmVqUlNiSE00TVc1b1pFeG1MMlUxWWtWbk5FMU5WV0paVFZGeU1YSkRSelJGQ2xkWGFFZGhjMG92TlhwVFpsbGlOekpFWkV0RVRtUnJiek55VURkRlVtczFZbVZNVlZGMVpWTTBaVlpTWjJWUFNUQmFORWd5YlZvNGFUTnlXRGxLUWpFS05tMVRhMFZhV1Vkek1UQjFaWFY2Y1RSa1RXczJTM1JOZDJSNFFsaHBORFpRV2xNclNUVmpTRWROYWpkTE5TOXFiRWhhVFRodk4yVmlNRlZFVjFaTE13bzVWV2hCZWl0U09WbG9LMDlJZHk5VmNrczBRMnRyTW1rNVdVRnhla05WV0U5d2VIZFhlVlExS3pjeFFtZDRjRmxSUlc5bWVrOXdjbEo2VDJObVEyZHZDamRuU21KRlozQmpOVlpIYmpkQlJsRXdOMDh3ZVVSNVFreHRWVlZUYlV0cGEwdFdjbEZNZFZWVmJsSTFVRUpvVEZkeE1uUjJhMHR3ZVVJelYzbHhkM1VLYnpsRlBRb3RMUzB0TFVWT1JDQkRSVkpVU1VaSlEwRlVSUzB0TFMwdENnPT0KQVBJX1NFUlZFUl9VUkw9aHR0cHM6Ly9BMjhFQUFEQUYzOTJCRkM5NzRGOUQwRERBOUZCMjE4Mi5ncjcuYXAtc291dGhlYXN0LTIuZWtzLmFtYXpvbmF3cy5jb20KSzhTX0NMVVNURVJfRE5TX0lQPTE3Mi4yMC4wLjEwCi9ldGMvZWtzL2Jvb3RzdHJhcC5zaCBjZ3ItZGV2ZWxvcG1lbnQtWG9scmxyOVAgLS1rdWJlbGV0LWV4dHJhLWFyZ3MgJy0tbm9kZS1sYWJlbHM9ZWtzLmFtYXpvbmF3cy5jb20vc291cmNlTGF1bmNoVGVtcGxhdGVWZXJzaW9uPTEsZWtzLmFtYXpvbmF3cy5jb20vbm9kZWdyb3VwLWltYWdlPWFtaS0wYjExNzM5YmI4YjBiODBiZCxla3MuYW1hem9uYXdzLmNvbS9jYXBhY2l0eVR5cGU9T05fREVNQU5ELGVrcy5hbWF6b25hd3MuY29tL25vZGVncm91cD1vbmRlbWFuZC0yLTIwMjMwNzE4MDIyNjMyMTcyMTAwMDAwMDI3LGVrcy5hbWF6b25hd3MuY29tL3NvdXJjZUxhdW5jaFRlbXBsYXRlSWQ9bHQtMGY0NDZmN2VmMmIzYmQ4OTQgLS1tYXgtcG9kcz0xNycgLS1iNjQtY2x1c3Rlci1jYSAkQjY0X0NMVVNURVJfQ0EgLS1hcGlzZXJ2ZXItZW5kcG9pbnQgJEFQSV9TRVJWRVJfVVJMIC0tZG5zLWNsdXN0ZXItaXAgJEs4U19DTFVTVEVSX0ROU19JUCAtLXVzZS1tYXgtcG9kcyBmYWxzZQoKLS0vLy0t",
                            "vpc_security_group_ids.#": "1",
                            "vpc_security_group_ids.0": "sg-0c353164fa2c6408d"
                        },
                        "meta": {
                            "schema_version": 1
                        },
                        "tainted": false
                    },
                    "deposed": [],
                    "provider": "provider.aws"
                }
            },
            "depends_on": []
        }
    ]
}
